
Microsoft Visual Studio Solution File, Format Version 12.00
# Visual Studio Version 17
VisualStudioVersion = 17.11.35103.136
MinimumVisualStudioVersion = 10.0.40219.1
Project("{9A19103F-16F7-4668-BE54-9A1E7A4F7556}") = "Jungle", "Jungle\Jungle\Jungle.csproj", "{F42A69E2-0328-4F37-B93B-0546196B2B16}"
EndProject
Project("{9A19103F-16F7-4668-BE54-9A1E7A4F7556}") = "Jungle.Client", "Jungle\Jungle.Client\Jungle.Client.csproj", "{690F1B4B-738E-4DA7-8E29-CABFFB5DE789}"
EndProject
Project("{9A19103F-16F7-4668-BE54-9A1E7A4F7556}") = "Jungle.AppHost", "Jungle.AppHost\Jungle.AppHost.csproj", "{D018D83C-E900-43F5-A5B1-73E8BD8C068A}"
EndProject
Project("{9A19103F-16F7-4668-BE54-9A1E7A4F7556}") = "Jungle.ServiceDefaults", "Jungle.ServiceDefaults\Jungle.ServiceDefaults.csproj", "{A0DB091D-AD7B-4C43-8B75-2DFF38EF7AE7}"
EndProject
Project("{9A19103F-16F7-4668-BE54-9A1E7A4F7556}") = "Jungle.Api", "Jungle.Api\Jungle.Api.csproj", "{1E6ABBDE-580E-4E41-9B34-C94375952EBF}"
EndProject
Project("{9A19103F-16F7-4668-BE54-9A1E7A4F7556}") = "Jungle.Shared", "Jungle.Shared\Jungle.Shared.csproj", "{6DE4D203-0E23-4010-A36E-D09677CA8EDE}"
EndProject
Global
	GlobalSection(SolutionConfigurationPlatforms) = preSolution
		Debug|Any CPU = Debug|Any CPU
		Release|Any CPU = Release|Any CPU
	EndGlobalSection
	GlobalSection(ProjectConfigurationPlatforms) = postSolution
		{F42A69E2-0328-4F37-B93B-0546196B2B16}.Debug|Any CPU.ActiveCfg = Debug|Any CPU
		{F42A69E2-0328-4F37-B93B-0546196B2B16}.Debug|Any CPU.Build.0 = Debug|Any CPU
		{F42A69E2-0328-4F37-B93B-0546196B2B16}.Release|Any CPU.ActiveCfg = Release|Any CPU
		{F42A69E2-0328-4F37-B93B-0546196B2B16}.Release|Any CPU.Build.0 = Release|Any CPU
		{690F1B4B-738E-4DA7-8E29-CABFFB5DE789}.Debug|Any CPU.ActiveCfg = Debug|Any CPU
		{690F1B4B-738E-4DA7-8E29-CABFFB5DE789}.Debug|Any CPU.Build.0 = Debug|Any CPU
		{690F1B4B-738E-4DA7-8E29-CABFFB5DE789}.Release|Any CPU.ActiveCfg = Release|Any CPU
		{690F1B4B-738E-4DA7-8E29-CABFFB5DE789}.Release|Any CPU.Build.0 = Release|Any CPU
		{D018D83C-E900-43F5-A5B1-73E8BD8C068A}.Debug|Any CPU.ActiveCfg = Debug|Any CPU
		{D018D83C-E900-43F5-A5B1-73E8BD8C068A}.Debug|Any CPU.Build.0 = Debug|Any CPU
		{D018D83C-E900-43F5-A5B1-73E8BD8C068A}.Release|Any CPU.ActiveCfg = Release|Any CPU
		{D018D83C-E900-43F5-A5B1-73E8BD8C068A}.Release|Any CPU.Build.0 = Release|Any CPU
		{A0DB091D-AD7B-4C43-8B75-2DFF38EF7AE7}.Debug|Any CPU.ActiveCfg = Debug|Any CPU
		{A0DB091D-AD7B-4C43-8B75-2DFF38EF7AE7}.Debug|Any CPU.Build.0 = Debug|Any CPU
		{A0DB091D-AD7B-4C43-8B75-2DFF38EF7AE7}.Release|Any CPU.ActiveCfg = Release|Any CPU
		{A0DB091D-AD7B-4C43-8B75-2DFF38EF7AE7}.Release|Any CPU.Build.0 = Release|Any CPU
		{1E6ABBDE-580E-4E41-9B34-C94375952EBF}.Debug|Any CPU.ActiveCfg = Debug|Any CPU
		{1E6ABBDE-580E-4E41-9B34-C94375952EBF}.Debug|Any CPU.Build.0 = Debug|Any CPU
		{1E6ABBDE-580E-4E41-9B34-C94375952EBF}.Release|Any CPU.ActiveCfg = Release|Any CPU
		{1E6ABBDE-580E-4E41-9B34-C94375952EBF}.Release|Any CPU.Build.0 = Release|Any CPU
		{6DE4D203-0E23-4010-A36E-D09677CA8EDE}.Debug|Any CPU.ActiveCfg = Debug|Any CPU
		{6DE4D203-0E23-4010-A36E-D09677CA8EDE}.Debug|Any CPU.Build.0 = Debug|Any CPU
		{6DE4D203-0E23-4010-A36E-D09677CA8EDE}.Release|Any CPU.ActiveCfg = Release|Any CPU
		{6DE4D203-0E23-4010-A36E-D09677CA8EDE}.Release|Any CPU.Build.0 = Release|Any CPU
	EndGlobalSection
	GlobalSection(SolutionProperties) = preSolution
		HideSolutionNode = FALSE
	EndGlobalSection
	GlobalSection(ExtensibilityGlobals) = postSolution
		SolutionGuid = {4EFD4ECF-5D90-431E-A350-0F4292932FD4}
	EndGlobalSection
EndGlobal
