
Microsoft Visual Studio Solution File, Format Version 12.00
# Visual Studio Version 17
VisualStudioVersion = 17.11.35103.136
MinimumVisualStudioVersion = 10.0.40219.1
Project("{FAE04EC0-301F-11D3-BF4B-00C04F79EFBC}") = "Jungle", "Jungle\Jungle\Jungle.csproj", "{F42A69E2-0328-4F37-B93B-0546196B2B16}"
EndProject
Project("{FAE04EC0-301F-11D3-BF4B-00C04F79EFBC}") = "Jungle.Client", "Jungle\Jungle.Client\Jungle.Client.csproj", "{690F1B4B-738E-4DA7-8E29-CABFFB5DE789}"
EndProject
Global
	GlobalSection(SolutionConfigurationPlatforms) = preSolution
		Debug|Any CPU = Debug|Any CPU
		Release|Any CPU = Release|Any CPU
	EndGlobalSection
	GlobalSection(ProjectConfigurationPlatforms) = postSolution
		{F42A69E2-0328-4F37-B93B-0546196B2B16}.Debug|Any CPU.ActiveCfg = Debug|Any CPU
		{F42A69E2-0328-4F37-B93B-0546196B2B16}.Debug|Any CPU.Build.0 = Debug|Any CPU
		{F42A69E2-0328-4F37-B93B-0546196B2B16}.Release|Any CPU.ActiveCfg = Release|Any CPU
		{F42A69E2-0328-4F37-B93B-0546196B2B16}.Release|Any CPU.Build.0 = Release|Any CPU
		{690F1B4B-738E-4DA7-8E29-CABFFB5DE789}.Debug|Any CPU.ActiveCfg = Debug|Any CPU
		{690F1B4B-738E-4DA7-8E29-CABFFB5DE789}.Debug|Any CPU.Build.0 = Debug|Any CPU
		{690F1B4B-738E-4DA7-8E29-CABFFB5DE789}.Release|Any CPU.ActiveCfg = Release|Any CPU
		{690F1B4B-738E-4DA7-8E29-CABFFB5DE789}.Release|Any CPU.Build.0 = Release|Any CPU
	EndGlobalSection
	GlobalSection(SolutionProperties) = preSolution
		HideSolutionNode = FALSE
	EndGlobalSection
	GlobalSection(ExtensibilityGlobals) = postSolution
		SolutionGuid = {4EFD4ECF-5D90-431E-A350-0F4292932FD4}
	EndGlobalSection
EndGlobal
